
Microsoft Visual Studio Solution File, Format Version 12.00
# Visual Studio 15
Project("{FAE04EC0-301F-11D3-BF4B-00C04F79EFBC}") = "beavers", "Assembly-CSharp.csproj", "{D5B598F2-31CD-85BC-8D3B-D411CFFA3861}"
EndProject
Project("{FAE04EC0-301F-11D3-BF4B-00C04F79EFBC}") = "beavers", "Assembly-CSharp-Editor.csproj", "{4221B314-031D-7D84-A50F-8FBA436FEFD0}"
EndProject
Global
	GlobalSection(SolutionConfigurationPlatforms) = preSolution
		Debug|Any CPU = Debug|Any CPU
		Release|Any CPU = Release|Any CPU
	EndGlobalSection
	GlobalSection(ProjectConfigurationPlatforms) = postSolution
		{D5B598F2-31CD-85BC-8D3B-D411CFFA3861}.Debug|Any CPU.ActiveCfg = Debug|Any CPU
		{D5B598F2-31CD-85BC-8D3B-D411CFFA3861}.Debug|Any CPU.Build.0 = Debug|Any CPU
		{D5B598F2-31CD-85BC-8D3B-D411CFFA3861}.Release|Any CPU.ActiveCfg = Release|Any CPU
		{D5B598F2-31CD-85BC-8D3B-D411CFFA3861}.Release|Any CPU.Build.0 = Release|Any CPU
		{4221B314-031D-7D84-A50F-8FBA436FEFD0}.Debug|Any CPU.ActiveCfg = Debug|Any CPU
		{4221B314-031D-7D84-A50F-8FBA436FEFD0}.Debug|Any CPU.Build.0 = Debug|Any CPU
		{4221B314-031D-7D84-A50F-8FBA436FEFD0}.Release|Any CPU.ActiveCfg = Release|Any CPU
		{4221B314-031D-7D84-A50F-8FBA436FEFD0}.Release|Any CPU.Build.0 = Release|Any CPU
	EndGlobalSection
	GlobalSection(SolutionProperties) = preSolution
		HideSolutionNode = FALSE
	EndGlobalSection
EndGlobal
